# This file is autogenerated, do not edit; changes may be undone by the next 'dep ensure'.


[[projects]]
  digest = "1:7b5c6e2eeaa9ae5907c391a91c132abfd5c9e8a784a341b5625e750c67e6825d"
  name = "github.com/gorilla/websocket"
  packages = ["."]
  pruneopts = "UT"
  revision = "66b9c49e59c6c48f0ffce28c2d8b8a5678502c6d"
  version = "v1.4.0"

[[projects]]
  digest = "1:22a2db8adb47f34be2dd03692d7cf5afa54131e5934e705af146d11e870091a6"
  name = "github.com/influxdata/influxdb"
  packages = [
    "client/v2",
    "models",
    "pkg/escape",
  ]
  pruneopts = "UT"
  revision = "2f49e00f7f3801a506304c3b6d8165b2f4039f3d"
  version = "v1.7.5"

[[projects]]
  digest = "1:937258f1293bc9295b4789b0abea5b4ec030e3caecb65a4e1dc0b6999957a5ed"
  name = "github.com/influxdata/platform"
  packages = [
    "models",
    "pkg/escape",
  ]
  pruneopts = "UT"
  revision = "0f79e4ea3248354c789cba274542e0a8e55971db"

[[projects]]
  digest = "1:ecd9aa82687cf31d1585d4ac61d0ba180e42e8a6182b85bd785fcca8dfeefc1b"
  name = "github.com/joho/godotenv"
  packages = ["."]
  pruneopts = "UT"
  revision = "23d116af351c84513e1946b527c88823e476be13"
  version = "v1.3.0"

[[projects]]
  digest = "1:7711bc85fa91b919713feda232ffe0bd4ebb0e8426b9c0de6c6f476e0eb9b7c2"
  name = "github.com/nlopes/slack"
  packages = [
    ".",
    "slackutilsx",
  ]
  pruneopts = "UT"
  revision = "a7deeca7935c178aa865249bab511daf816288ba"
  version = "v0.5.0"

[[projects]]
  digest = "1:cf31692c14422fa27c83a05292eb5cbe0fb2775972e8f1f8446a71549bd8980b"
  name = "github.com/pkg/errors"
  packages = ["."]
  pruneopts = "UT"
  revision = "ba968bfe8b2f7e042a574c888954fccecfa385b4"
  version = "v0.8.1"

[[projects]]
  digest = "1:772057e3c30cb5bee83fb0ff67b9255f9d9aa551f500ed85c103e68b4ed02112"
  name = "github.com/rs/zerolog"
  packages = [
    ".",
    "internal/cbor",
    "internal/json",
  ]
  pruneopts = "UT"
  revision = "651d361cfeb9d0f5b9f1d14b162c66c82509ef6d"
  version = "v1.13.0"

[solve-meta]
  analyzer-name = "dep"
  analyzer-version = 1
  input-imports = [
    "github.com/influxdata/influxdb/client/v2",
    "github.com/joho/godotenv",
    "github.com/nlopes/slack",
    "github.com/rs/zerolog",
  ]
  solver-name = "gps-cdcl"
  solver-version = 1
